// !$*UTF8*$!
{
	archiveVersion = 1;
	classes = {
	};
	objectVersion = 56;
	objects = {

/* Begin PBXBuildFile section */
		836308EF2B3E922E006FA0F9 /* StackViewsApp.swift in Sources */ = {isa = PBXBuildFile; fileRef = 836308EE2B3E922E006FA0F9 /* StackViewsApp.swift */; };
		836308F12B3E922E006FA0F9 /* ContentView.swift in Sources */ = {isa = PBXBuildFile; fileRef = 836308F02B3E922E006FA0F9 /* ContentView.swift */; };
		836308F32B3E922F006FA0F9 /* Assets.xcassets in Resources */ = {isa = PBXBuildFile; fileRef = 836308F22B3E922F006FA0F9 /* Assets.xcassets */; };
		836308F62B3E922F006FA0F9 /* Preview Assets.xcassets in Resources */ = {isa = PBXBuildFile; fileRef = 836308F52B3E922F006FA0F9 /* Preview Assets.xcassets */; };
		836309002B3E922F006FA0F9 /* StackViewsTests.swift in Sources */ = {isa = PBXBuildFile; fileRef = 836308FF2B3E922F006FA0F9 /* StackViewsTests.swift */; };
		8363090A2B3E922F006FA0F9 /* StackViewsUITests.swift in Sources */ = {isa = PBXBuildFile; fileRef = 836309092B3E922F006FA0F9 /* StackViewsUITests.swift */; };
		8363090C2B3E922F006FA0F9 /* StackViewsUITestsLaunchTests.swift in Sources */ = {isa = PBXBuildFile; fileRef = 8363090B2B3E922F006FA0F9 /* StackViewsUITestsLaunchTests.swift */; };
/* End PBXBuildFile section */

/* Begin PBXContainerItemProxy section */
		836308FC2B3E922F006FA0F9 /* PBXContainerItemProxy */ = {
			isa = PBXContainerItemProxy;
			containerPortal = 836308E32B3E922E006FA0F9 /* Project object */;
			proxyType = 1;
			remoteGlobalIDString = 836308EA2B3E922E006FA0F9;
			remoteInfo = StackViews;
		};
		836309062B3E922F006FA0F9 /* PBXContainerItemProxy */ = {
			isa = PBXContainerItemProxy;
			containerPortal = 836308E32B3E922E006FA0F9 /* Project object */;
			proxyType = 1;
			remoteGlobalIDString = 836308EA2B3E922E006FA0F9;
			remoteInfo = StackViews;
		};
/* End PBXContainerItemProxy section */

/* Begin PBXFileReference section */
		836308EB2B3E922E006FA0F9 /* StackViews.app */ = {isa = PBXFileReference; explicitFileType = wrapper.application; includeInIndex = 0; path = StackViews.app; sourceTree = BUILT_PRODUCTS_DIR; };
		836308EE2B3E922E006FA0F9 /* StackViewsApp.swift */ = {isa = PBXFileReference; lastKnownFileType = sourcecode.swift; path = StackViewsApp.swift; sourceTree = "<group>"; };
		836308F02B3E922E006FA0F9 /* ContentView.swift */ = {isa = PBXFileReference; lastKnownFileType = sourcecode.swift; path = ContentView.swift; sourceTree = "<group>"; };
		836308F22B3E922F006FA0F9 /* Assets.xcassets */ = {isa = PBXFileReference; lastKnownFileType = folder.assetcatalog; path = Assets.xcassets; sourceTree = "<group>"; };
		836308F52B3E922F006FA0F9 /* Preview Assets.xcassets */ = {isa = PBXFileReference; lastKnownFileType = folder.assetcatalog; path = "Preview Assets.xcassets"; sourceTree = "<group>"; };
		836308FB2B3E922F006FA0F9 /* StackViewsTests.xctest */ = {isa = PBXFileReference; explicitFileType = wrapper.cfbundle; includeInIndex = 0; path = StackViewsTests.xctest; sourceTree = BUILT_PRODUCTS_DIR; };
		836308FF2B3E922F006FA0F9 /* StackViewsTests.swift */ = {isa = PBXFileReference; lastKnownFileType = sourcecode.swift; path = StackViewsTests.swift; sourceTree = "<group>"; };
		836309052B3E922F006FA0F9 /* StackViewsUITests.xctest */ = {isa = PBXFileReference; explicitFileType = wrapper.cfbundle; includeInIndex = 0; path = StackViewsUITests.xctest; sourceTree = BUILT_PRODUCTS_DIR; };
		836309092B3E922F006FA0F9 /* StackViewsUITests.swift */ = {isa = PBXFileReference; lastKnownFileType = sourcecode.swift; path = StackViewsUITests.swift; sourceTree = "<group>"; };
		8363090B2B3E922F006FA0F9 /* StackViewsUITestsLaunchTests.swift */ = {isa = PBXFileReference; lastKnownFileType = sourcecode.swift; path = StackViewsUITestsLaunchTests.swift; sourceTree = "<group>"; };
/* End PBXFileReference section */

/* Begin PBXFrameworksBuildPhase section */
		836308E82B3E922E006FA0F9 /* Frameworks */ = {
			isa = PBXFrameworksBuildPhase;
			buildActionMask = 2147483647;
			files = (
			);
			runOnlyForDeploymentPostprocessing = 0;
		};
		836308F82B3E922F006FA0F9 /* Frameworks */ = {
			isa = PBXFrameworksBuildPhase;
			buildActionMask = 2147483647;
			files = (
			);
			runOnlyForDeploymentPostprocessing = 0;
		};
		836309022B3E922F006FA0F9 /* Frameworks */ = {
			isa = PBXFrameworksBuildPhase;
			buildActionMask = 2147483647;
			files = (
			);
			runOnlyForDeploymentPostprocessing = 0;
		};
/* End PBXFrameworksBuildPhase section */

/* Begin PBXGroup section */
		836308E22B3E922E006FA0F9 = {
			isa = PBXGroup;
			children = (
				836308ED2B3E922E006FA0F9 /* StackViews */,
				836308FE2B3E922F006FA0F9 /* StackViewsTests */,
				836309082B3E922F006FA0F9 /* StackViewsUITests */,
				836308EC2B3E922E006FA0F9 /* Products */,
			);
			sourceTree = "<group>";
		};
		836308EC2B3E922E006FA0F9 /* Products */ = {
			isa = PBXGroup;
			children = (
				836308EB2B3E922E006FA0F9 /* StackViews.app */,
				836308FB2B3E922F006FA0F9 /* StackViewsTests.xctest */,
				836309052B3E922F006FA0F9 /* StackViewsUITests.xctest */,
			);
			name = Products;
			sourceTree = "<group>";
		};
		836308ED2B3E922E006FA0F9 /* StackViews */ = {
			isa = PBXGroup;
			children = (
				836308EE2B3E922E006FA0F9 /* StackViewsApp.swift */,
				836308F02B3E922E006FA0F9 /* ContentView.swift */,
				836308F22B3E922F006FA0F9 /* Assets.xcassets */,
				836308F42B3E922F006FA0F9 /* Preview Content */,
			);
			path = StackViews;
			sourceTree = "<group>";
		};
		836308F42B3E922F006FA0F9 /* Preview Content */ = {
			isa = PBXGroup;
			children = (
				836308F52B3E922F006FA0F9 /* Preview Assets.xcassets */,
			);
			path = "Preview Content";
			sourceTree = "<group>";
		};
		836308FE2B3E922F006FA0F9 /* StackViewsTests */ = {
			isa = PBXGroup;
			children = (
				836308FF2B3E922F006FA0F9 /* StackViewsTests.swift */,
			);
			path = StackViewsTests;
			sourceTree = "<group>";
		};
		836309082B3E922F006FA0F9 /* StackViewsUITests */ = {
			isa = PBXGroup;
			children = (
				836309092B3E922F006FA0F9 /* StackViewsUITests.swift */,
				8363090B2B3E922F006FA0F9 /* StackViewsUITestsLaunchTests.swift */,
			);
			path = StackViewsUITests;
			sourceTree = "<group>";
		};
/* End PBXGroup section */

/* Begin PBXNativeTarget section */
		836308EA2B3E922E006FA0F9 /* StackViews */ = {
			isa = PBXNativeTarget;
			buildConfigurationList = 8363090F2B3E922F006FA0F9 /* Build configuration list for PBXNativeTarget "StackViews" */;
			buildPhases = (
				836308E72B3E922E006FA0F9 /* Sources */,
				836308E82B3E922E006FA0F9 /* Frameworks */,
				836308E92B3E922E006FA0F9 /* Resources */,
			);
			buildRules = (
			);
			dependencies = (
			);
			name = StackViews;
			productName = StackViews;
			productReference = 836308EB2B3E922E006FA0F9 /* StackViews.app */;
			productType = "com.apple.product-type.application";
		};
		836308FA2B3E922F006FA0F9 /* StackViewsTests */ = {
			isa = PBXNativeTarget;
			buildConfigurationList = 836309122B3E922F006FA0F9 /* Build configuration list for PBXNativeTarget "StackViewsTests" */;
			buildPhases = (
				836308F72B3E922F006FA0F9 /* Sources */,
				836308F82B3E922F006FA0F9 /* Frameworks */,
				836308F92B3E922F006FA0F9 /* Resources */,
			);
			buildRules = (
			);
			dependencies = (
				836308FD2B3E922F006FA0F9 /* PBXTargetDependency */,
			);
			name = StackViewsTests;
			productName = StackViewsTests;
			productReference = 836308FB2B3E922F006FA0F9 /* StackViewsTests.xctest */;
			productType = "com.apple.product-type.bundle.unit-test";
		};
		836309042B3E922F006FA0F9 /* StackViewsUITests */ = {
			isa = PBXNativeTarget;
			buildConfigurationList = 836309152B3E922F006FA0F9 /* Build configuration list for PBXNativeTarget "StackViewsUITests" */;
			buildPhases = (
				836309012B3E922F006FA0F9 /* Sources */,
				836309022B3E922F006FA0F9 /* Frameworks */,
				836309032B3E922F006FA0F9 /* Resources */,
			);
			buildRules = (
			);
			dependencies = (
				836309072B3E922F006FA0F9 /* PBXTargetDependency */,
			);
			name = StackViewsUITests;
			productName = StackViewsUITests;
			productReference = 836309052B3E922F006FA0F9 /* StackViewsUITests.xctest */;
			productType = "com.apple.product-type.bundle.ui-testing";
		};
/* End PBXNativeTarget section */

/* Begin PBXProject section */
		836308E32B3E922E006FA0F9 /* Project object */ = {
			isa = PBXProject;
			attributes = {
				BuildIndependentTargetsInParallel = 1;
				LastSwiftUpdateCheck = 1510;
				LastUpgradeCheck = 1510;
				TargetAttributes = {
					836308EA2B3E922E006FA0F9 = {
						CreatedOnToolsVersion = 15.1;
					};
					836308FA2B3E922F006FA0F9 = {
						CreatedOnToolsVersion = 15.1;
						TestTargetID = 836308EA2B3E922E006FA0F9;
					};
					836309042B3E922F006FA0F9 = {
						CreatedOnToolsVersion = 15.1;
						TestTargetID = 836308EA2B3E922E006FA0F9;
					};
				};
			};
			buildConfigurationList = 836308E62B3E922E006FA0F9 /* Build configuration list for PBXProject "StackViews" */;
			compatibilityVersion = "Xcode 14.0";
			developmentRegion = en;
			hasScannedForEncodings = 0;
			knownRegions = (
				en,
				Base,
			);
			mainGroup = 836308E22B3E922E006FA0F9;
			productRefGroup = 836308EC2B3E922E006FA0F9 /* Products */;
			projectDirPath = "";
			projectRoot = "";
			targets = (
				836308EA2B3E922E006FA0F9 /* StackViews */,
				836308FA2B3E922F006FA0F9 /* StackViewsTests */,
				836309042B3E922F006FA0F9 /* StackViewsUITests */,
			);
		};
/* End PBXProject section */

/* Begin PBXResourcesBuildPhase section */
		836308E92B3E922E006FA0F9 /* Resources */ = {
			isa = PBXResourcesBuildPhase;
			buildActionMask = 2147483647;
			files = (
				836308F62B3E922F006FA0F9 /* Preview Assets.xcassets in Resources */,
				836308F32B3E922F006FA0F9 /* Assets.xcassets in Resources */,
			);
			runOnlyForDeploymentPostprocessing = 0;
		};
		836308F92B3E922F006FA0F9 /* Resources */ = {
			isa = PBXResourcesBuildPhase;
			buildActionMask = 2147483647;
			files = (
			);
			runOnlyForDeploymentPostprocessing = 0;
		};
		836309032B3E922F006FA0F9 /* Resources */ = {
			isa = PBXResourcesBuildPhase;
			buildActionMask = 2147483647;
			files = (
			);
			runOnlyForDeploymentPostprocessing = 0;
		};
/* End PBXResourcesBuildPhase section */

/* Begin PBXSourcesBuildPhase section */
		836308E72B3E922E006FA0F9 /* Sources */ = {
			isa = PBXSourcesBuildPhase;
			buildActionMask = 2147483647;
			files = (
				836308F12B3E922E006FA0F9 /* ContentView.swift in Sources */,
				836308EF2B3E922E006FA0F9 /* StackViewsApp.swift in Sources */,
			);
			runOnlyForDeploymentPostprocessing = 0;
		};
		836308F72B3E922F006FA0F9 /* Sources */ = {
			isa = PBXSourcesBuildPhase;
			buildActionMask = 2147483647;
			files = (
				836309002B3E922F006FA0F9 /* StackViewsTests.swift in Sources */,
			);
			runOnlyForDeploymentPostprocessing = 0;
		};
		836309012B3E922F006FA0F9 /* Sources */ = {
			isa = PBXSourcesBuildPhase;
			buildActionMask = 2147483647;
			files = (
				8363090C2B3E922F006FA0F9 /* StackViewsUITestsLaunchTests.swift in Sources */,
				8363090A2B3E922F006FA0F9 /* StackViewsUITests.swift in Sources */,
			);
			runOnlyForDeploymentPostprocessing = 0;
		};
/* End PBXSourcesBuildPhase section */

/* Begin PBXTargetDependency section */
		836308FD2B3E922F006FA0F9 /* PBXTargetDependency */ = {
			isa = PBXTargetDependency;
			target = 836308EA2B3E922E006FA0F9 /* StackViews */;
			targetProxy = 836308FC2B3E922F006FA0F9 /* PBXContainerItemProxy */;
		};
		836309072B3E922F006FA0F9 /* PBXTargetDependency */ = {
			isa = PBXTargetDependency;
			target = 836308EA2B3E922E006FA0F9 /* StackViews */;
			targetProxy = 836309062B3E922F006FA0F9 /* PBXContainerItemProxy */;
		};
/* End PBXTargetDependency section */

/* Begin XCBuildConfiguration section */
		8363090D2B3E922F006FA0F9 /* Debug */ = {
			isa = XCBuildConfiguration;
			buildSettings = {
				ALWAYS_SEARCH_USER_PATHS = NO;
				ASSETCATALOG_COMPILER_GENERATE_SWIFT_ASSET_SYMBOL_EXTENSIONS = YES;
				CLANG_ANALYZER_NONNULL = YES;
				CLANG_ANALYZER_NUMBER_OBJECT_CONVERSION = YES_AGGRESSIVE;
				CLANG_CXX_LANGUAGE_STANDARD = "gnu++20";
				CLANG_ENABLE_MODULES = YES;
				CLANG_ENABLE_OBJC_ARC = YES;
				CLANG_ENABLE_OBJC_WEAK = YES;
				CLANG_WARN_BLOCK_CAPTURE_AUTORELEASING = YES;
				CLANG_WARN_BOOL_CONVERSION = YES;
				CLANG_WARN_COMMA = YES;
				CLANG_WARN_CONSTANT_CONVERSION = YES;
				CLANG_WARN_DEPRECATED_OBJC_IMPLEMENTATIONS = YES;
				CLANG_WARN_DIRECT_OBJC_ISA_USAGE = YES_ERROR;
				CLANG_WARN_DOCUMENTATION_COMMENTS = YES;
				CLANG_WARN_EMPTY_BODY = YES;
				CLANG_WARN_ENUM_CONVERSION = YES;
				CLANG_WARN_INFINITE_RECURSION = YES;
				CLANG_WARN_INT_CONVERSION = YES;
				CLANG_WARN_NON_LITERAL_NULL_CONVERSION = YES;
				CLANG_WARN_OBJC_IMPLICIT_RETAIN_SELF = YES;
				CLANG_WARN_OBJC_LITERAL_CONVERSION = YES;
				CLANG_WARN_OBJC_ROOT_CLASS = YES_ERROR;
				CLANG_WARN_QUOTED_INCLUDE_IN_FRAMEWORK_HEADER = YES;
				CLANG_WARN_RANGE_LOOP_ANALYSIS = YES;
				CLANG_WARN_STRICT_PROTOTYPES = YES;
				CLANG_WARN_SUSPICIOUS_MOVE = YES;
				CLANG_WARN_UNGUARDED_AVAILABILITY = YES_AGGRESSIVE;
				CLANG_WARN_UNREACHABLE_CODE = YES;
				CLANG_WARN__DUPLICATE_METHOD_MATCH = YES;
				COPY_PHASE_STRIP = NO;
				DEBUG_INFORMATION_FORMAT = dwarf;
				ENABLE_STRICT_OBJC_MSGSEND = YES;
				ENABLE_TESTABILITY = YES;
				ENABLE_USER_SCRIPT_SANDBOXING = YES;
				GCC_C_LANGUAGE_STANDARD = gnu17;
				GCC_DYNAMIC_NO_PIC = NO;
				GCC_NO_COMMON_BLOCKS = YES;
				GCC_OPTIMIZATION_LEVEL = 0;
				GCC_PREPROCESSOR_DEFINITIONS = (
					"DEBUG=1",
					"$(inherited)",
				);
				GCC_WARN_64_TO_32_BIT_CONVERSION = YES;
				GCC_WARN_ABOUT_RETURN_TYPE = YES_ERROR;
				GCC_WARN_UNDECLARED_SELECTOR = YES;
				GCC_WARN_UNINITIALIZED_AUTOS = YES_AGGRESSIVE;
				GCC_WARN_UNUSED_FUNCTION = YES;
				GCC_WARN_UNUSED_VARIABLE = YES;
				IPHONEOS_DEPLOYMENT_TARGET = 17.2;
				LOCALIZATION_PREFERS_STRING_CATALOGS = YES;
				MTL_ENABLE_DEBUG_INFO = INCLUDE_SOURCE;
				MTL_FAST_MATH = YES;
				ONLY_ACTIVE_ARCH = YES;
				SDKROOT = iphoneos;
				SWIFT_ACTIVE_COMPILATION_CONDITIONS = "DEBUG $(inherited)";
				SWIFT_OPTIMIZATION_LEVEL = "-Onone";
			};
			name = Debug;
		};
		8363090E2B3E922F006FA0F9 /* Release */ = {
			isa = XCBuildConfiguration;
			buildSettings = {
				ALWAYS_SEARCH_USER_PATHS = NO;
				ASSETCATALOG_COMPILER_GENERATE_SWIFT_ASSET_SYMBOL_EXTENSIONS = YES;
				CLANG_ANALYZER_NONNULL = YES;
				CLANG_ANALYZER_NUMBER_OBJECT_CONVERSION = YES_AGGRESSIVE;
				CLANG_CXX_LANGUAGE_STANDARD = "gnu++20";
				CLANG_ENABLE_MODULES = YES;
				CLANG_ENABLE_OBJC_ARC = YES;
				CLANG_ENABLE_OBJC_WEAK = YES;
				CLANG_WARN_BLOCK_CAPTURE_AUTORELEASING = YES;
				CLANG_WARN_BOOL_CONVERSION = YES;
				CLANG_WARN_COMMA = YES;
				CLANG_WARN_CONSTANT_CONVERSION = YES;
				CLANG_WARN_DEPRECATED_OBJC_IMPLEMENTATIONS = YES;
				CLANG_WARN_DIRECT_OBJC_ISA_USAGE = YES_ERROR;
				CLANG_WARN_DOCUMENTATION_COMMENTS = YES;
				CLANG_WARN_EMPTY_BODY = YES;
				CLANG_WARN_ENUM_CONVERSION = YES;
				CLANG_WARN_INFINITE_RECURSION = YES;
				CLANG_WARN_INT_CONVERSION = YES;
				CLANG_WARN_NON_LITERAL_NULL_CONVERSION = YES;
				CLANG_WARN_OBJC_IMPLICIT_RETAIN_SELF = YES;
				CLANG_WARN_OBJC_LITERAL_CONVERSION = YES;
				CLANG_WARN_OBJC_ROOT_CLASS = YES_ERROR;
				CLANG_WARN_QUOTED_INCLUDE_IN_FRAMEWORK_HEADER = YES;
				CLANG_WARN_RANGE_LOOP_ANALYSIS = YES;
				CLANG_WARN_STRICT_PROTOTYPES = YES;
				CLANG_WARN_SUSPICIOUS_MOVE = YES;
				CLANG_WARN_UNGUARDED_AVAILABILITY = YES_AGGRESSIVE;
				CLANG_WARN_UNREACHABLE_CODE = YES;
				CLANG_WARN__DUPLICATE_METHOD_MATCH = YES;
				COPY_PHASE_STRIP = NO;
				DEBUG_INFORMATION_FORMAT = "dwarf-with-dsym";
				ENABLE_NS_ASSERTIONS = NO;
				ENABLE_STRICT_OBJC_MSGSEND = YES;
				ENABLE_USER_SCRIPT_SANDBOXING = YES;
				GCC_C_LANGUAGE_STANDARD = gnu17;
				GCC_NO_COMMON_BLOCKS = YES;
				GCC_WARN_64_TO_32_BIT_CONVERSION = YES;
				GCC_WARN_ABOUT_RETURN_TYPE = YES_ERROR;
				GCC_WARN_UNDECLARED_SELECTOR = YES;
				GCC_WARN_UNINITIALIZED_AUTOS = YES_AGGRESSIVE;
				GCC_WARN_UNUSED_FUNCTION = YES;
				GCC_WARN_UNUSED_VARIABLE = YES;
				IPHONEOS_DEPLOYMENT_TARGET = 17.2;
				LOCALIZATION_PREFERS_STRING_CATALOGS = YES;
				MTL_ENABLE_DEBUG_INFO = NO;
				MTL_FAST_MATH = YES;
				SDKROOT = iphoneos;
				SWIFT_COMPILATION_MODE = wholemodule;
				VALIDATE_PRODUCT = YES;
			};
			name = Release;
		};
		836309102B3E922F006FA0F9 /* Debug */ = {
			isa = XCBuildConfiguration;
			buildSettings = {
				ASSETCATALOG_COMPILER_APPICON_NAME = AppIcon;
				ASSETCATALOG_COMPILER_GLOBAL_ACCENT_COLOR_NAME = AccentColor;
				CODE_SIGN_STYLE = Automatic;
				CURRENT_PROJECT_VERSION = 1;
				DEVELOPMENT_ASSET_PATHS = "\"StackViews/Preview Content\"";
				DEVELOPMENT_TEAM = Y6MXH3WF8X;
				ENABLE_PREVIEWS = YES;
				GENERATE_INFOPLIST_FILE = YES;
				INFOPLIST_KEY_UIApplicationSceneManifest_Generation = YES;
				INFOPLIST_KEY_UIApplicationSupportsIndirectInputEvents = YES;
				INFOPLIST_KEY_UILaunchScreen_Generation = YES;
				INFOPLIST_KEY_UISupportedInterfaceOrientations_iPad = "UIInterfaceOrientationPortrait UIInterfaceOrientationPortraitUpsideDown UIInterfaceOrientationLandscapeLeft UIInterfaceOrientationLandscapeRight";
				INFOPLIST_KEY_UISupportedInterfaceOrientations_iPhone = "UIInterfaceOrientationPortrait UIInterfaceOrientationLandscapeLeft UIInterfaceOrientationLandscapeRight";
				LD_RUNPATH_SEARCH_PATHS = (
					"$(inherited)",
					"@executable_path/Frameworks",
				);
				MARKETING_VERSION = 1.0;
				PRODUCT_BUNDLE_IDENTIFIER = n1g1.StackViews;
				PRODUCT_NAME = "$(TARGET_NAME)";
				SWIFT_EMIT_LOC_STRINGS = YES;
				SWIFT_VERSION = 5.0;
				TARGETED_DEVICE_FAMILY = "1,2";
			};
			name = Debug;
		};
		836309112B3E922F006FA0F9 /* Release */ = {
			isa = XCBuildConfiguration;
			buildSettings = {
				ASSETCATALOG_COMPILER_APPICON_NAME = AppIcon;
				ASSETCATALOG_COMPILER_GLOBAL_ACCENT_COLOR_NAME = AccentColor;
				CODE_SIGN_STYLE = Automatic;
				CURRENT_PROJECT_VERSION = 1;
				DEVELOPMENT_ASSET_PATHS = "\"StackViews/Preview Content\"";
				DEVELOPMENT_TEAM = Y6MXH3WF8X;
				ENABLE_PREVIEWS = YES;
				GENERATE_INFOPLIST_FILE = YES;
				INFOPLIST_KEY_UIApplicationSceneManifest_Generation = YES;
				INFOPLIST_KEY_UIApplicationSupportsIndirectInputEvents = YES;
				INFOPLIST_KEY_UILaunchScreen_Generation = YES;
				INFOPLIST_KEY_UISupportedInterfaceOrientations_iPad = "UIInterfaceOrientationPortrait UIInterfaceOrientationPortraitUpsideDown UIInterfaceOrientationLandscapeLeft UIInterfaceOrientationLandscapeRight";
				INFOPLIST_KEY_UISupportedInterfaceOrientations_iPhone = "UIInterfaceOrientationPortrait UIInterfaceOrientationLandscapeLeft UIInterfaceOrientationLandscapeRight";
				LD_RUNPATH_SEARCH_PATHS = (
					"$(inherited)",
					"@executable_path/Frameworks",
				);
				MARKETING_VERSION = 1.0;
				PRODUCT_BUNDLE_IDENTIFIER = n1g1.StackViews;
				PRODUCT_NAME = "$(TARGET_NAME)";
				SWIFT_EMIT_LOC_STRINGS = YES;
				SWIFT_VERSION = 5.0;
				TARGETED_DEVICE_FAMILY = "1,2";
			};
			name = Release;
		};
		836309132B3E922F006FA0F9 /* Debug */ = {
			isa = XCBuildConfiguration;
			buildSettings = {
				ALWAYS_EMBED_SWIFT_STANDARD_LIBRARIES = YES;
				BUNDLE_LOADER = "$(TEST_HOST)";
				CODE_SIGN_STYLE = Automatic;
				CURRENT_PROJECT_VERSION = 1;
				DEVELOPMENT_TEAM = Y6MXH3WF8X;
				GENERATE_INFOPLIST_FILE = YES;
				IPHONEOS_DEPLOYMENT_TARGET = 17.2;
				MARKETING_VERSION = 1.0;
				PRODUCT_BUNDLE_IDENTIFIER = n1g1.StackViewsTests;
				PRODUCT_NAME = "$(TARGET_NAME)";
				SWIFT_EMIT_LOC_STRINGS = NO;
				SWIFT_VERSION = 5.0;
				TARGETED_DEVICE_FAMILY = "1,2";
				TEST_HOST = "$(BUILT_PRODUCTS_DIR)/StackViews.app/$(BUNDLE_EXECUTABLE_FOLDER_PATH)/StackViews";
			};
			name = Debug;
		};
		836309142B3E922F006FA0F9 /* Release */ = {
			isa = XCBuildConfiguration;
			buildSettings = {
				ALWAYS_EMBED_SWIFT_STANDARD_LIBRARIES = YES;
				BUNDLE_LOADER = "$(TEST_HOST)";
				CODE_SIGN_STYLE = Automatic;
				CURRENT_PROJECT_VERSION = 1;
				DEVELOPMENT_TEAM = Y6MXH3WF8X;
				GENERATE_INFOPLIST_FILE = YES;
				IPHONEOS_DEPLOYMENT_TARGET = 17.2;
				MARKETING_VERSION = 1.0;
				PRODUCT_BUNDLE_IDENTIFIER = n1g1.StackViewsTests;
				PRODUCT_NAME = "$(TARGET_NAME)";
				SWIFT_EMIT_LOC_STRINGS = NO;
				SWIFT_VERSION = 5.0;
				TARGETED_DEVICE_FAMILY = "1,2";
				TEST_HOST = "$(BUILT_PRODUCTS_DIR)/StackViews.app/$(BUNDLE_EXECUTABLE_FOLDER_PATH)/StackViews";
			};
			name = Release;
		};
		836309162B3E922F006FA0F9 /* Debug */ = {
			isa = XCBuildConfiguration;
			buildSettings = {
				ALWAYS_EMBED_SWIFT_STANDARD_LIBRARIES = YES;
				CODE_SIGN_STYLE = Automatic;
				CURRENT_PROJECT_VERSION = 1;
				DEVELOPMENT_TEAM = Y6MXH3WF8X;
				GENERATE_INFOPLIST_FILE = YES;
				MARKETING_VERSION = 1.0;
				PRODUCT_BUNDLE_IDENTIFIER = n1g1.StackViewsUITests;
				PRODUCT_NAME = "$(TARGET_NAME)";
				SWIFT_EMIT_LOC_STRINGS = NO;
				SWIFT_VERSION = 5.0;
				TARGETED_DEVICE_FAMILY = "1,2";
				TEST_TARGET_NAME = StackViews;
			};
			name = Debug;
		};
		836309172B3E922F006FA0F9 /* Release */ = {
			isa = XCBuildConfiguration;
			buildSettings = {
				ALWAYS_EMBED_SWIFT_STANDARD_LIBRARIES = YES;
				CODE_SIGN_STYLE = Automatic;
				CURRENT_PROJECT_VERSION = 1;
				DEVELOPMENT_TEAM = Y6MXH3WF8X;
				GENERATE_INFOPLIST_FILE = YES;
				MARKETING_VERSION = 1.0;
				PRODUCT_BUNDLE_IDENTIFIER = n1g1.StackViewsUITests;
				PRODUCT_NAME = "$(TARGET_NAME)";
				SWIFT_EMIT_LOC_STRINGS = NO;
				SWIFT_VERSION = 5.0;
				TARGETED_DEVICE_FAMILY = "1,2";
				TEST_TARGET_NAME = StackViews;
			};
			name = Release;
		};
/* End XCBuildConfiguration section */

/* Begin XCConfigurationList section */
		836308E62B3E922E006FA0F9 /* Build configuration list for PBXProject "StackViews" */ = {
			isa = XCConfigurationList;
			buildConfigurations = (
				8363090D2B3E922F006FA0F9 /* Debug */,
				8363090E2B3E922F006FA0F9 /* Release */,
			);
			defaultConfigurationIsVisible = 0;
			defaultConfigurationName = Release;
		};
		8363090F2B3E922F006FA0F9 /* Build configuration list for PBXNativeTarget "StackViews" */ = {
			isa = XCConfigurationList;
			buildConfigurations = (
				836309102B3E922F006FA0F9 /* Debug */,
				836309112B3E922F006FA0F9 /* Release */,
			);
			defaultConfigurationIsVisible = 0;
			defaultConfigurationName = Release;
		};
		836309122B3E922F006FA0F9 /* Build configuration list for PBXNativeTarget "StackViewsTests" */ = {
			isa = XCConfigurationList;
			buildConfigurations = (
				836309132B3E922F006FA0F9 /* Debug */,
				836309142B3E922F006FA0F9 /* Release */,
			);
			defaultConfigurationIsVisible = 0;
			defaultConfigurationName = Release;
		};
		836309152B3E922F006FA0F9 /* Build configuration list for PBXNativeTarget "StackViewsUITests" */ = {
			isa = XCConfigurationList;
			buildConfigurations = (
				836309162B3E922F006FA0F9 /* Debug */,
				836309172B3E922F006FA0F9 /* Release */,
			);
			defaultConfigurationIsVisible = 0;
			defaultConfigurationName = Release;
		};
/* End XCConfigurationList section */
	};
	rootObject = 836308E32B3E922E006FA0F9 /* Project object */;
}
